
Microsoft Visual Studio Solution File, Format Version 11.00
# Visual Studio 2010
Project("{FAE04EC0-301F-11D3-BF4B-00C04F79EFBC}") = "AstarPathfindingProject", "AstarPathfindingProject.csproj", "{14d6d046-e40e-e262-aca2-84b0d815c775}"
EndProject
Project("{FAE04EC0-301F-11D3-BF4B-00C04F79EFBC}") = "Assembly-CSharp", "Assembly-CSharp.csproj", "{36001e2d-df27-2ae8-dd8b-e6a556aeaee5}"
EndProject
Project("{FAE04EC0-301F-11D3-BF4B-00C04F79EFBC}") = "AstarPathfindingProjectEditor", "AstarPathfindingProjectEditor.csproj", "{1536fe82-15ee-2b89-5886-686bc1668f73}"
EndProject
Project("{FAE04EC0-301F-11D3-BF4B-00C04F79EFBC}") = "Assembly-CSharp-Editor", "Assembly-CSharp-Editor.csproj", "{cc470616-3b95-cf9c-7a79-9aeceec876f9}"
EndProject
Project("{FAE04EC0-301F-11D3-BF4B-00C04F79EFBC}") = "PackageToolsEditor", "PackageToolsEditor.csproj", "{efab7cb2-1f79-2330-4fcc-1a60d4f377f8}"
EndProject
Global
	GlobalSection(SolutionConfigurationPlatforms) = preSolution
		Debug|Any CPU = Debug|Any CPU
	EndGlobalSection
	GlobalSection(ProjectConfigurationPlatforms) = postSolution
		{14d6d046-e40e-e262-aca2-84b0d815c775}.Debug|Any CPU.ActiveCfg = Debug|Any CPU
		{14d6d046-e40e-e262-aca2-84b0d815c775}.Debug|Any CPU.Build.0 = Debug|Any CPU
		{36001e2d-df27-2ae8-dd8b-e6a556aeaee5}.Debug|Any CPU.ActiveCfg = Debug|Any CPU
		{36001e2d-df27-2ae8-dd8b-e6a556aeaee5}.Debug|Any CPU.Build.0 = Debug|Any CPU
		{1536fe82-15ee-2b89-5886-686bc1668f73}.Debug|Any CPU.ActiveCfg = Debug|Any CPU
		{1536fe82-15ee-2b89-5886-686bc1668f73}.Debug|Any CPU.Build.0 = Debug|Any CPU
		{cc470616-3b95-cf9c-7a79-9aeceec876f9}.Debug|Any CPU.ActiveCfg = Debug|Any CPU
		{cc470616-3b95-cf9c-7a79-9aeceec876f9}.Debug|Any CPU.Build.0 = Debug|Any CPU
		{efab7cb2-1f79-2330-4fcc-1a60d4f377f8}.Debug|Any CPU.ActiveCfg = Debug|Any CPU
		{efab7cb2-1f79-2330-4fcc-1a60d4f377f8}.Debug|Any CPU.Build.0 = Debug|Any CPU
	EndGlobalSection
	GlobalSection(SolutionProperties) = preSolution
		HideSolutionNode = FALSE
	EndGlobalSection
EndGlobal
